
Microsoft Visual Studio Solution File, Format Version 12.00
# Visual Studio Version 16
VisualStudioVersion = 16.0.30621.155
MinimumVisualStudioVersion = 10.0.40219.1
Project("{FAE04EC0-301F-11D3-BF4B-00C04F79EFBC}") = "ConsolePruebaGit1", "ConsolePruebaGit1\ConsolePruebaGit1.csproj", "{0097B954-DF9C-4E31-B55D-7A4AA651AF5A}"
EndProject
Global
	GlobalSection(SolutionConfigurationPlatforms) = preSolution
		Debug|Any CPU = Debug|Any CPU
		Release|Any CPU = Release|Any CPU
	EndGlobalSection
	GlobalSection(ProjectConfigurationPlatforms) = postSolution
		{0097B954-DF9C-4E31-B55D-7A4AA651AF5A}.Debug|Any CPU.ActiveCfg = Debug|Any CPU
		{0097B954-DF9C-4E31-B55D-7A4AA651AF5A}.Debug|Any CPU.Build.0 = Debug|Any CPU
		{0097B954-DF9C-4E31-B55D-7A4AA651AF5A}.Release|Any CPU.ActiveCfg = Release|Any CPU
		{0097B954-DF9C-4E31-B55D-7A4AA651AF5A}.Release|Any CPU.Build.0 = Release|Any CPU
	EndGlobalSection
	GlobalSection(SolutionProperties) = preSolution
		HideSolutionNode = FALSE
	EndGlobalSection
	GlobalSection(ExtensibilityGlobals) = postSolution
		SolutionGuid = {0242F897-038A-4F7A-AD6A-D9E414702823}
	EndGlobalSection
EndGlobal
